
Microsoft Visual Studio Solution File, Format Version 12.00
# Visual Studio Version 17
VisualStudioVersion = 17.4.33213.308
MinimumVisualStudioVersion = 10.0.40219.1
Project("{2150E333-8FDC-42A3-9474-1A3956D46DE8}") = "_SolutionItems", "_SolutionItems", "{C7601358-947B-4B42-80F7-1CB1AC55FE04}"
	ProjectSection(SolutionItems) = preProject
		.github\workflows\dotnet.yml = .github\workflows\dotnet.yml
		README.md = README.md
	EndProjectSection
EndProject
Project("{2150E333-8FDC-42A3-9474-1A3956D46DE8}") = "MeID", "MeID", "{643B6066-6C4D-467C-BE11-208B2D2B56D6}"
EndProject
Project("{9A19103F-16F7-4668-BE54-9A1E7A4F7556}") = "DifferentTenantUIUseApi", "MeID\DifferentTenantUIUseApi\DifferentTenantUIUseApi.csproj", "{5839155A-A7AB-43BA-BFE2-C22EC08ACAED}"
EndProject
Project("{9A19103F-16F7-4668-BE54-9A1E7A4F7556}") = "MeIDMultiTenantApi", "MeID\AadMultiTenantApi\MeIDMultiTenantApi.csproj", "{AB5D6767-C339-4239-BED5-6132DCBD45E8}"
EndProject
Project("{2150E333-8FDC-42A3-9474-1A3956D46DE8}") = "B2C", "B2C", "{C01E5FB3-F8B6-4692-A637-646CCDE0F837}"
EndProject
Project("{9A19103F-16F7-4668-BE54-9A1E7A4F7556}") = "MeIDB2cMultiTenantApi", "B2C\AadB2cMultiTenantApi\MeIDB2cMultiTenantApi.csproj", "{03616389-9A04-47CF-B805-598C0D5BA6B2}"
EndProject
Project("{9A19103F-16F7-4668-BE54-9A1E7A4F7556}") = "DifferentB2cTenantUIUseApi", "B2C\DifferentB2cTenantUIUseApi\DifferentB2cTenantUIUseApi.csproj", "{0E735406-3E1B-4764-A76A-FE76E7802118}"
EndProject
Project("{2150E333-8FDC-42A3-9474-1A3956D46DE8}") = "B2CUI-MeIDApi", "B2CUI-MeIDApi", "{F315D77C-57DB-42F7-9BF6-EA56D5354ED5}"
EndProject
Project("{FAE04EC0-301F-11D3-BF4B-00C04F79EFBC}") = "B2cUIUsingMeIDApi", "B2CUI-MeIDApi\B2cUIUsingMeIDApi\B2cUIUsingMeIDApi.csproj", "{0422AA52-5CB8-404D-BE0A-884FFAF19B76}"
EndProject
Project("{FAE04EC0-301F-11D3-BF4B-00C04F79EFBC}") = "MeIDMultiTenantApi", "B2CUI-MeIDApi\AadMultiTenantApi\MeIDMultiTenantApi.csproj", "{C165D64F-23EC-46D9-A8B4-1ED41913B052}"
EndProject
Global
	GlobalSection(SolutionConfigurationPlatforms) = preSolution
		Debug|Any CPU = Debug|Any CPU
		Release|Any CPU = Release|Any CPU
	EndGlobalSection
	GlobalSection(ProjectConfigurationPlatforms) = postSolution
		{5839155A-A7AB-43BA-BFE2-C22EC08ACAED}.Debug|Any CPU.ActiveCfg = Debug|Any CPU
		{5839155A-A7AB-43BA-BFE2-C22EC08ACAED}.Debug|Any CPU.Build.0 = Debug|Any CPU
		{5839155A-A7AB-43BA-BFE2-C22EC08ACAED}.Release|Any CPU.ActiveCfg = Release|Any CPU
		{5839155A-A7AB-43BA-BFE2-C22EC08ACAED}.Release|Any CPU.Build.0 = Release|Any CPU
		{AB5D6767-C339-4239-BED5-6132DCBD45E8}.Debug|Any CPU.ActiveCfg = Debug|Any CPU
		{AB5D6767-C339-4239-BED5-6132DCBD45E8}.Debug|Any CPU.Build.0 = Debug|Any CPU
		{AB5D6767-C339-4239-BED5-6132DCBD45E8}.Release|Any CPU.ActiveCfg = Release|Any CPU
		{AB5D6767-C339-4239-BED5-6132DCBD45E8}.Release|Any CPU.Build.0 = Release|Any CPU
		{03616389-9A04-47CF-B805-598C0D5BA6B2}.Debug|Any CPU.ActiveCfg = Debug|Any CPU
		{03616389-9A04-47CF-B805-598C0D5BA6B2}.Debug|Any CPU.Build.0 = Debug|Any CPU
		{03616389-9A04-47CF-B805-598C0D5BA6B2}.Release|Any CPU.ActiveCfg = Release|Any CPU
		{03616389-9A04-47CF-B805-598C0D5BA6B2}.Release|Any CPU.Build.0 = Release|Any CPU
		{0E735406-3E1B-4764-A76A-FE76E7802118}.Debug|Any CPU.ActiveCfg = Debug|Any CPU
		{0E735406-3E1B-4764-A76A-FE76E7802118}.Debug|Any CPU.Build.0 = Debug|Any CPU
		{0E735406-3E1B-4764-A76A-FE76E7802118}.Release|Any CPU.ActiveCfg = Release|Any CPU
		{0E735406-3E1B-4764-A76A-FE76E7802118}.Release|Any CPU.Build.0 = Release|Any CPU
		{0422AA52-5CB8-404D-BE0A-884FFAF19B76}.Debug|Any CPU.ActiveCfg = Debug|Any CPU
		{0422AA52-5CB8-404D-BE0A-884FFAF19B76}.Debug|Any CPU.Build.0 = Debug|Any CPU
		{0422AA52-5CB8-404D-BE0A-884FFAF19B76}.Release|Any CPU.ActiveCfg = Release|Any CPU
		{0422AA52-5CB8-404D-BE0A-884FFAF19B76}.Release|Any CPU.Build.0 = Release|Any CPU
		{C165D64F-23EC-46D9-A8B4-1ED41913B052}.Debug|Any CPU.ActiveCfg = Debug|Any CPU
		{C165D64F-23EC-46D9-A8B4-1ED41913B052}.Debug|Any CPU.Build.0 = Debug|Any CPU
		{C165D64F-23EC-46D9-A8B4-1ED41913B052}.Release|Any CPU.ActiveCfg = Release|Any CPU
		{C165D64F-23EC-46D9-A8B4-1ED41913B052}.Release|Any CPU.Build.0 = Release|Any CPU
	EndGlobalSection
	GlobalSection(SolutionProperties) = preSolution
		HideSolutionNode = FALSE
	EndGlobalSection
	GlobalSection(NestedProjects) = preSolution
		{5839155A-A7AB-43BA-BFE2-C22EC08ACAED} = {643B6066-6C4D-467C-BE11-208B2D2B56D6}
		{AB5D6767-C339-4239-BED5-6132DCBD45E8} = {643B6066-6C4D-467C-BE11-208B2D2B56D6}
		{03616389-9A04-47CF-B805-598C0D5BA6B2} = {C01E5FB3-F8B6-4692-A637-646CCDE0F837}
		{0E735406-3E1B-4764-A76A-FE76E7802118} = {C01E5FB3-F8B6-4692-A637-646CCDE0F837}
		{0422AA52-5CB8-404D-BE0A-884FFAF19B76} = {F315D77C-57DB-42F7-9BF6-EA56D5354ED5}
		{C165D64F-23EC-46D9-A8B4-1ED41913B052} = {F315D77C-57DB-42F7-9BF6-EA56D5354ED5}
	EndGlobalSection
	GlobalSection(ExtensibilityGlobals) = postSolution
		SolutionGuid = {981DFB8D-4AA1-4B43-8488-EAE02317C762}
	EndGlobalSection
EndGlobal
